
Microsoft Visual Studio Solution File, Format Version 12.00
# Visual Studio 15
VisualStudioVersion = 15.0.28010.0
MinimumVisualStudioVersion = 10.0.40219.1
Project("{FAE04EC0-301F-11D3-BF4B-00C04F79EFBC}") = "AllianceDevTest", "AllianceDevTest\AllianceDevTest.csproj", "{216FDF5F-2B89-4D35-BD96-0A5444FA4DAB}"
EndProject
Project("{FAE04EC0-301F-11D3-BF4B-00C04F79EFBC}") = "Run", "Run\Run.csproj", "{A5EBEEB0-3A77-4DB6-A2B1-F6B2F4026625}"
EndProject
Global
	GlobalSection(SolutionConfigurationPlatforms) = preSolution
		Debug|Any CPU = Debug|Any CPU
		Release|Any CPU = Release|Any CPU
	EndGlobalSection
	GlobalSection(ProjectConfigurationPlatforms) = postSolution
		{216FDF5F-2B89-4D35-BD96-0A5444FA4DAB}.Debug|Any CPU.ActiveCfg = Debug|Any CPU
		{216FDF5F-2B89-4D35-BD96-0A5444FA4DAB}.Debug|Any CPU.Build.0 = Debug|Any CPU
		{216FDF5F-2B89-4D35-BD96-0A5444FA4DAB}.Release|Any CPU.ActiveCfg = Release|Any CPU
		{216FDF5F-2B89-4D35-BD96-0A5444FA4DAB}.Release|Any CPU.Build.0 = Release|Any CPU
		{A5EBEEB0-3A77-4DB6-A2B1-F6B2F4026625}.Debug|Any CPU.ActiveCfg = Debug|Any CPU
		{A5EBEEB0-3A77-4DB6-A2B1-F6B2F4026625}.Debug|Any CPU.Build.0 = Debug|Any CPU
		{A5EBEEB0-3A77-4DB6-A2B1-F6B2F4026625}.Release|Any CPU.ActiveCfg = Release|Any CPU
		{A5EBEEB0-3A77-4DB6-A2B1-F6B2F4026625}.Release|Any CPU.Build.0 = Release|Any CPU
	EndGlobalSection
	GlobalSection(SolutionProperties) = preSolution
		HideSolutionNode = FALSE
	EndGlobalSection
	GlobalSection(ExtensibilityGlobals) = postSolution
		SolutionGuid = {AC663966-C65A-4342-9F18-1DBF6C17B8CC}
	EndGlobalSection
EndGlobal
